// !$*UTF8*$!
{
	archiveVersion = 1;
	classes = {
	};
	objectVersion = 55;
	objects = {

/* Begin PBXBuildFile section */
		0005C20727EB75C500F89DB3 /* main.cpp in Sources */ = {isa = PBXBuildFile; fileRef = 0005C20627EB75C500F89DB3 /* main.cpp */; };
		0005C21127EB764E00F89DB3 /* Shape.h in Sources */ = {isa = PBXBuildFile; fileRef = 0005C21027EB764E00F89DB3 /* Shape.h */; };
		0005C21327EB77B300F89DB3 /* Shape.cpp in Sources */ = {isa = PBXBuildFile; fileRef = 0005C21227EB77B300F89DB3 /* Shape.cpp */; };
		0005C21627EB795600F89DB3 /* Circle.cpp in Sources */ = {isa = PBXBuildFile; fileRef = 0005C21427EB795600F89DB3 /* Circle.cpp */; };
		0005C21927EB7EFF00F89DB3 /* Rectangle.cpp in Sources */ = {isa = PBXBuildFile; fileRef = 0005C21727EB7EFF00F89DB3 /* Rectangle.cpp */; };
/* End PBXBuildFile section */

/* Begin PBXCopyFilesBuildPhase section */
		0005C20127EB75C500F89DB3 /* CopyFiles */ = {
			isa = PBXCopyFilesBuildPhase;
			buildActionMask = 2147483647;
			dstPath = /usr/share/man/man1/;
			dstSubfolderSpec = 0;
			files = (
			);
			runOnlyForDeploymentPostprocessing = 1;
		};
/* End PBXCopyFilesBuildPhase section */

/* Begin PBXFileReference section */
		0005C20327EB75C500F89DB3 /* PhongsavanhMongkhonvilayProj6 */ = {isa = PBXFileReference; explicitFileType = "compiled.mach-o.executable"; includeInIndex = 0; path = PhongsavanhMongkhonvilayProj6; sourceTree = BUILT_PRODUCTS_DIR; };
		0005C20627EB75C500F89DB3 /* main.cpp */ = {isa = PBXFileReference; lastKnownFileType = sourcecode.cpp.cpp; path = main.cpp; sourceTree = "<group>"; };
		0005C21027EB764E00F89DB3 /* Shape.h */ = {isa = PBXFileReference; lastKnownFileType = sourcecode.c.h; path = Shape.h; sourceTree = "<group>"; };
		0005C21227EB77B300F89DB3 /* Shape.cpp */ = {isa = PBXFileReference; lastKnownFileType = sourcecode.cpp.cpp; path = Shape.cpp; sourceTree = "<group>"; };
		0005C21427EB795600F89DB3 /* Circle.cpp */ = {isa = PBXFileReference; lastKnownFileType = sourcecode.cpp.cpp; path = Circle.cpp; sourceTree = "<group>"; };
		0005C21527EB795600F89DB3 /* Circle.h */ = {isa = PBXFileReference; lastKnownFileType = sourcecode.c.h; path = Circle.h; sourceTree = "<group>"; };
		0005C21727EB7EFF00F89DB3 /* Rectangle.cpp */ = {isa = PBXFileReference; lastKnownFileType = sourcecode.cpp.cpp; path = Rectangle.cpp; sourceTree = "<group>"; };
		0005C21827EB7EFF00F89DB3 /* Rectangle.h */ = {isa = PBXFileReference; lastKnownFileType = sourcecode.c.h; path = Rectangle.h; sourceTree = "<group>"; };
/* End PBXFileReference section */

/* Begin PBXFrameworksBuildPhase section */
		0005C20027EB75C500F89DB3 /* Frameworks */ = {
			isa = PBXFrameworksBuildPhase;
			buildActionMask = 2147483647;
			files = (
			);
			runOnlyForDeploymentPostprocessing = 0;
		};
/* End PBXFrameworksBuildPhase section */

/* Begin PBXGroup section */
		0005C1FA27EB75C500F89DB3 = {
			isa = PBXGroup;
			children = (
				0005C20527EB75C500F89DB3 /* PhongsavanhMongkhonvilayProj6 */,
				0005C20427EB75C500F89DB3 /* Products */,
			);
			sourceTree = "<group>";
		};
		0005C20427EB75C500F89DB3 /* Products */ = {
			isa = PBXGroup;
			children = (
				0005C20327EB75C500F89DB3 /* PhongsavanhMongkhonvilayProj6 */,
			);
			name = Products;
			sourceTree = "<group>";
		};
		0005C20527EB75C500F89DB3 /* PhongsavanhMongkhonvilayProj6 */ = {
			isa = PBXGroup;
			children = (
				0005C20627EB75C500F89DB3 /* main.cpp */,
				0005C21027EB764E00F89DB3 /* Shape.h */,
				0005C21227EB77B300F89DB3 /* Shape.cpp */,
				0005C21527EB795600F89DB3 /* Circle.h */,
				0005C21427EB795600F89DB3 /* Circle.cpp */,
				0005C21827EB7EFF00F89DB3 /* Rectangle.h */,
				0005C21727EB7EFF00F89DB3 /* Rectangle.cpp */,
			);
			path = PhongsavanhMongkhonvilayProj6;
			sourceTree = "<group>";
		};
/* End PBXGroup section */

/* Begin PBXNativeTarget section */
		0005C20227EB75C500F89DB3 /* PhongsavanhMongkhonvilayProj6 */ = {
			isa = PBXNativeTarget;
			buildConfigurationList = 0005C20A27EB75C500F89DB3 /* Build configuration list for PBXNativeTarget "PhongsavanhMongkhonvilayProj6" */;
			buildPhases = (
				0005C1FF27EB75C500F89DB3 /* Sources */,
				0005C20027EB75C500F89DB3 /* Frameworks */,
				0005C20127EB75C500F89DB3 /* CopyFiles */,
			);
			buildRules = (
			);
			dependencies = (
			);
			name = PhongsavanhMongkhonvilayProj6;
			productName = PhongsavanhMongkhonvilayProj6;
			productReference = 0005C20327EB75C500F89DB3 /* PhongsavanhMongkhonvilayProj6 */;
			productType = "com.apple.product-type.tool";
		};
/* End PBXNativeTarget section */

/* Begin PBXProject section */
		0005C1FB27EB75C500F89DB3 /* Project object */ = {
			isa = PBXProject;
			attributes = {
				BuildIndependentTargetsInParallel = 1;
				LastUpgradeCheck = 1330;
				TargetAttributes = {
					0005C20227EB75C500F89DB3 = {
						CreatedOnToolsVersion = 13.3;
					};
				};
			};
			buildConfigurationList = 0005C1FE27EB75C500F89DB3 /* Build configuration list for PBXProject "PhongsavanhMongkhonvilayProj6" */;
			compatibilityVersion = "Xcode 13.0";
			developmentRegion = en;
			hasScannedForEncodings = 0;
			knownRegions = (
				en,
				Base,
			);
			mainGroup = 0005C1FA27EB75C500F89DB3;
			productRefGroup = 0005C20427EB75C500F89DB3 /* Products */;
			projectDirPath = "";
			projectRoot = "";
			targets = (
				0005C20227EB75C500F89DB3 /* PhongsavanhMongkhonvilayProj6 */,
			);
		};
/* End PBXProject section */

/* Begin PBXSourcesBuildPhase section */
		0005C1FF27EB75C500F89DB3 /* Sources */ = {
			isa = PBXSourcesBuildPhase;
			buildActionMask = 2147483647;
			files = (
				0005C20727EB75C500F89DB3 /* main.cpp in Sources */,
				0005C21627EB795600F89DB3 /* Circle.cpp in Sources */,
				0005C21127EB764E00F89DB3 /* Shape.h in Sources */,
				0005C21927EB7EFF00F89DB3 /* Rectangle.cpp in Sources */,
				0005C21327EB77B300F89DB3 /* Shape.cpp in Sources */,
			);
			runOnlyForDeploymentPostprocessing = 0;
		};
/* End PBXSourcesBuildPhase section */

/* Begin XCBuildConfiguration section */
		0005C20827EB75C500F89DB3 /* Debug */ = {
			isa = XCBuildConfiguration;
			buildSettings = {
				ALWAYS_SEARCH_USER_PATHS = NO;
				CLANG_ANALYZER_NONNULL = YES;
				CLANG_ANALYZER_NUMBER_OBJECT_CONVERSION = YES_AGGRESSIVE;
				CLANG_CXX_LANGUAGE_STANDARD = "gnu++17";
				CLANG_ENABLE_MODULES = YES;
				CLANG_ENABLE_OBJC_ARC = YES;
				CLANG_ENABLE_OBJC_WEAK = YES;
				CLANG_WARN_BLOCK_CAPTURE_AUTORELEASING = YES;
				CLANG_WARN_BOOL_CONVERSION = YES;
				CLANG_WARN_COMMA = YES;
				CLANG_WARN_CONSTANT_CONVERSION = YES;
				CLANG_WARN_DEPRECATED_OBJC_IMPLEMENTATIONS = YES;
				CLANG_WARN_DIRECT_OBJC_ISA_USAGE = YES_ERROR;
				CLANG_WARN_DOCUMENTATION_COMMENTS = YES;
				CLANG_WARN_EMPTY_BODY = YES;
				CLANG_WARN_ENUM_CONVERSION = YES;
				CLANG_WARN_INFINITE_RECURSION = YES;
				CLANG_WARN_INT_CONVERSION = YES;
				CLANG_WARN_NON_LITERAL_NULL_CONVERSION = YES;
				CLANG_WARN_OBJC_IMPLICIT_RETAIN_SELF = YES;
				CLANG_WARN_OBJC_LITERAL_CONVERSION = YES;
				CLANG_WARN_OBJC_ROOT_CLASS = YES_ERROR;
				CLANG_WARN_QUOTED_INCLUDE_IN_FRAMEWORK_HEADER = YES;
				CLANG_WARN_RANGE_LOOP_ANALYSIS = YES;
				CLANG_WARN_STRICT_PROTOTYPES = YES;
				CLANG_WARN_SUSPICIOUS_MOVE = YES;
				CLANG_WARN_UNGUARDED_AVAILABILITY = YES_AGGRESSIVE;
				CLANG_WARN_UNREACHABLE_CODE = YES;
				CLANG_WARN__DUPLICATE_METHOD_MATCH = YES;
				COPY_PHASE_STRIP = NO;
				DEBUG_INFORMATION_FORMAT = dwarf;
				ENABLE_STRICT_OBJC_MSGSEND = YES;
				ENABLE_TESTABILITY = YES;
				GCC_C_LANGUAGE_STANDARD = gnu11;
				GCC_DYNAMIC_NO_PIC = NO;
				GCC_NO_COMMON_BLOCKS = YES;
				GCC_OPTIMIZATION_LEVEL = 0;
				GCC_PREPROCESSOR_DEFINITIONS = (
					"DEBUG=1",
					"$(inherited)",
				);
				GCC_WARN_64_TO_32_BIT_CONVERSION = YES;
				GCC_WARN_ABOUT_RETURN_TYPE = YES_ERROR;
				GCC_WARN_UNDECLARED_SELECTOR = YES;
				GCC_WARN_UNINITIALIZED_AUTOS = YES_AGGRESSIVE;
				GCC_WARN_UNUSED_FUNCTION = YES;
				GCC_WARN_UNUSED_VARIABLE = YES;
				MACOSX_DEPLOYMENT_TARGET = 12.2;
				MTL_ENABLE_DEBUG_INFO = INCLUDE_SOURCE;
				MTL_FAST_MATH = YES;
				ONLY_ACTIVE_ARCH = YES;
				SDKROOT = macosx;
			};
			name = Debug;
		};
		0005C20927EB75C500F89DB3 /* Release */ = {
			isa = XCBuildConfiguration;
			buildSettings = {
				ALWAYS_SEARCH_USER_PATHS = NO;
				CLANG_ANALYZER_NONNULL = YES;
				CLANG_ANALYZER_NUMBER_OBJECT_CONVERSION = YES_AGGRESSIVE;
				CLANG_CXX_LANGUAGE_STANDARD = "gnu++17";
				CLANG_ENABLE_MODULES = YES;
				CLANG_ENABLE_OBJC_ARC = YES;
				CLANG_ENABLE_OBJC_WEAK = YES;
				CLANG_WARN_BLOCK_CAPTURE_AUTORELEASING = YES;
				CLANG_WARN_BOOL_CONVERSION = YES;
				CLANG_WARN_COMMA = YES;
				CLANG_WARN_CONSTANT_CONVERSION = YES;
				CLANG_WARN_DEPRECATED_OBJC_IMPLEMENTATIONS = YES;
				CLANG_WARN_DIRECT_OBJC_ISA_USAGE = YES_ERROR;
				CLANG_WARN_DOCUMENTATION_COMMENTS = YES;
				CLANG_WARN_EMPTY_BODY = YES;
				CLANG_WARN_ENUM_CONVERSION = YES;
				CLANG_WARN_INFINITE_RECURSION = YES;
				CLANG_WARN_INT_CONVERSION = YES;
				CLANG_WARN_NON_LITERAL_NULL_CONVERSION = YES;
				CLANG_WARN_OBJC_IMPLICIT_RETAIN_SELF = YES;
				CLANG_WARN_OBJC_LITERAL_CONVERSION = YES;
				CLANG_WARN_OBJC_ROOT_CLASS = YES_ERROR;
				CLANG_WARN_QUOTED_INCLUDE_IN_FRAMEWORK_HEADER = YES;
				CLANG_WARN_RANGE_LOOP_ANALYSIS = YES;
				CLANG_WARN_STRICT_PROTOTYPES = YES;
				CLANG_WARN_SUSPICIOUS_MOVE = YES;
				CLANG_WARN_UNGUARDED_AVAILABILITY = YES_AGGRESSIVE;
				CLANG_WARN_UNREACHABLE_CODE = YES;
				CLANG_WARN__DUPLICATE_METHOD_MATCH = YES;
				COPY_PHASE_STRIP = NO;
				DEBUG_INFORMATION_FORMAT = "dwarf-with-dsym";
				ENABLE_NS_ASSERTIONS = NO;
				ENABLE_STRICT_OBJC_MSGSEND = YES;
				GCC_C_LANGUAGE_STANDARD = gnu11;
				GCC_NO_COMMON_BLOCKS = YES;
				GCC_WARN_64_TO_32_BIT_CONVERSION = YES;
				GCC_WARN_ABOUT_RETURN_TYPE = YES_ERROR;
				GCC_WARN_UNDECLARED_SELECTOR = YES;
				GCC_WARN_UNINITIALIZED_AUTOS = YES_AGGRESSIVE;
				GCC_WARN_UNUSED_FUNCTION = YES;
				GCC_WARN_UNUSED_VARIABLE = YES;
				MACOSX_DEPLOYMENT_TARGET = 12.2;
				MTL_ENABLE_DEBUG_INFO = NO;
				MTL_FAST_MATH = YES;
				SDKROOT = macosx;
			};
			name = Release;
		};
		0005C20B27EB75C500F89DB3 /* Debug */ = {
			isa = XCBuildConfiguration;
			buildSettings = {
				CODE_SIGN_STYLE = Automatic;
				PRODUCT_NAME = "$(TARGET_NAME)";
			};
			name = Debug;
		};
		0005C20C27EB75C500F89DB3 /* Release */ = {
			isa = XCBuildConfiguration;
			buildSettings = {
				CODE_SIGN_STYLE = Automatic;
				PRODUCT_NAME = "$(TARGET_NAME)";
			};
			name = Release;
		};
/* End XCBuildConfiguration section */

/* Begin XCConfigurationList section */
		0005C1FE27EB75C500F89DB3 /* Build configuration list for PBXProject "PhongsavanhMongkhonvilayProj6" */ = {
			isa = XCConfigurationList;
			buildConfigurations = (
				0005C20827EB75C500F89DB3 /* Debug */,
				0005C20927EB75C500F89DB3 /* Release */,
			);
			defaultConfigurationIsVisible = 0;
			defaultConfigurationName = Release;
		};
		0005C20A27EB75C500F89DB3 /* Build configuration list for PBXNativeTarget "PhongsavanhMongkhonvilayProj6" */ = {
			isa = XCConfigurationList;
			buildConfigurations = (
				0005C20B27EB75C500F89DB3 /* Debug */,
				0005C20C27EB75C500F89DB3 /* Release */,
			);
			defaultConfigurationIsVisible = 0;
			defaultConfigurationName = Release;
		};
/* End XCConfigurationList section */
	};
	rootObject = 0005C1FB27EB75C500F89DB3 /* Project object */;
}
